// !$*UTF8*$!
{
	archiveVersion = 1;
	classes = {
	};
	objectVersion = 77;
	objects = {

/* Begin PBXBuildFile section */
		572E3A6B2F8E7A96000272BC /* RecipeCardView.swift in Sources */ = {isa = PBXBuildFile; fileRef = 572E3A6A2F8E7A96000272BC /* RecipeCardView.swift */; };
		572E3A6D2F8E7AE2000272BC /* DiscoverView.swift in Sources */ = {isa = PBXBuildFile; fileRef = 572E3A6C2F8E7AE2000272BC /* DiscoverView.swift */; };
		5742C9902F904B610094B881 /* FavoritesView.swift in Sources */ = {isa = PBXBuildFile; fileRef = 5742C98F2F904B5C0094B881 /* FavoritesView.swift */; };
		5742C9922F904BD50094B881 /* FavoritesViewModel.swift in Sources */ = {isa = PBXBuildFile; fileRef = 5742C9912F904BCF0094B881 /* FavoritesViewModel.swift */; };
		5742C9962F9053AD0094B881 /* JSONDocument.swift in Sources */ = {isa = PBXBuildFile; fileRef = 5742C9952F9053AD0094B881 /* JSONDocument.swift */; };
		576AA9C52F8E720900DBFC97 /* Assets.xcassets in Resources */ = {isa = PBXBuildFile; fileRef = 576AA9BF2F8E720900DBFC97 /* Assets.xcassets */; };
		576AA9CB2F8E729B00DBFC97 /* FavoriteRecipe.swift in Sources */ = {isa = PBXBuildFile; fileRef = 576AA9CA2F8E729B00DBFC97 /* FavoriteRecipe.swift */; };
		576AA9CD2F8E72A200DBFC97 /* MealDBNetworkService.swift in Sources */ = {isa = PBXBuildFile; fileRef = 576AA9CC2F8E72A200DBFC97 /* MealDBNetworkService.swift */; };
		576AA9CF2F8E72A600DBFC97 /* DiscoverViewModel.swift in Sources */ = {isa = PBXBuildFile; fileRef = 576AA9CE2F8E72A600DBFC97 /* DiscoverViewModel.swift */; };
		576AA9D12F8E72AB00DBFC97 /* MainContentView.swift in Sources */ = {isa = PBXBuildFile; fileRef = 576AA9D02F8E72AB00DBFC97 /* MainContentView.swift */; };
		576AA9D32F8E72C100DBFC97 /* FoodForThoughtApp.swift in Sources */ = {isa = PBXBuildFile; fileRef = 576AA9D22F8E72C100DBFC97 /* FoodForThoughtApp.swift */; };
		57F3702F2F997C9F00CF2FD1 /* RecipeDetailView.swift in Sources */ = {isa = PBXBuildFile; fileRef = 57F3702E2F997C9F00CF2FD1 /* RecipeDetailView.swift */; };
/* End PBXBuildFile section */

/* Begin PBXFileReference section */
		572E3A6A2F8E7A96000272BC /* RecipeCardView.swift */ = {isa = PBXFileReference; lastKnownFileType = sourcecode.swift; path = RecipeCardView.swift; sourceTree = "<group>"; };
		572E3A6C2F8E7AE2000272BC /* DiscoverView.swift */ = {isa = PBXFileReference; lastKnownFileType = sourcecode.swift; path = DiscoverView.swift; sourceTree = "<group>"; };
		5742C98F2F904B5C0094B881 /* FavoritesView.swift */ = {isa = PBXFileReference; lastKnownFileType = sourcecode.swift; path = FavoritesView.swift; sourceTree = "<group>"; };
		5742C9912F904BCF0094B881 /* FavoritesViewModel.swift */ = {isa = PBXFileReference; lastKnownFileType = sourcecode.swift; path = FavoritesViewModel.swift; sourceTree = "<group>"; };
		5742C9952F9053AD0094B881 /* JSONDocument.swift */ = {isa = PBXFileReference; lastKnownFileType = sourcecode.swift; path = JSONDocument.swift; sourceTree = "<group>"; };
		576AA9B12F8E718900DBFC97 /* FoodForThought.app */ = {isa = PBXFileReference; explicitFileType = wrapper.application; includeInIndex = 0; path = FoodForThought.app; sourceTree = BUILT_PRODUCTS_DIR; };
		576AA9BF2F8E720900DBFC97 /* Assets.xcassets */ = {isa = PBXFileReference; lastKnownFileType = folder.assetcatalog; path = Assets.xcassets; sourceTree = "<group>"; };
		576AA9CA2F8E729B00DBFC97 /* FavoriteRecipe.swift */ = {isa = PBXFileReference; lastKnownFileType = sourcecode.swift; path = FavoriteRecipe.swift; sourceTree = "<group>"; };
		576AA9CC2F8E72A200DBFC97 /* MealDBNetworkService.swift */ = {isa = PBXFileReference; lastKnownFileType = sourcecode.swift; path = MealDBNetworkService.swift; sourceTree = "<group>"; };
		576AA9CE2F8E72A600DBFC97 /* DiscoverViewModel.swift */ = {isa = PBXFileReference; lastKnownFileType = sourcecode.swift; path = DiscoverViewModel.swift; sourceTree = "<group>"; };
		576AA9D02F8E72AB00DBFC97 /* MainContentView.swift */ = {isa = PBXFileReference; lastKnownFileType = sourcecode.swift; path = MainContentView.swift; sourceTree = "<group>"; };
		576AA9D22F8E72C100DBFC97 /* FoodForThoughtApp.swift */ = {isa = PBXFileReference; lastKnownFileType = sourcecode.swift; path = FoodForThoughtApp.swift; sourceTree = "<group>"; };
		57F3702E2F997C9F00CF2FD1 /* RecipeDetailView.swift */ = {isa = PBXFileReference; lastKnownFileType = sourcecode.swift; path = RecipeDetailView.swift; sourceTree = "<group>"; };
/* End PBXFileReference section */

/* Begin PBXFrameworksBuildPhase section */
		576AA9AE2F8E718900DBFC97 /* Frameworks */ = {
			isa = PBXFrameworksBuildPhase;
			buildActionMask = 2147483647;
			files = (
			);
			runOnlyForDeploymentPostprocessing = 0;
		};
/* End PBXFrameworksBuildPhase section */

/* Begin PBXGroup section */
		572E3A692F8E7A89000272BC /* Components */ = {
			isa = PBXGroup;
			children = (
				572E3A6A2F8E7A96000272BC /* RecipeCardView.swift */,
			);
			path = Components;
			sourceTree = "<group>";
		};
		576AA9A82F8E718900DBFC97 = {
			isa = PBXGroup;
			children = (
				576AA9C22F8E720900DBFC97 /* FoodForThought */,
				576AA9B22F8E718900DBFC97 /* Products */,
			);
			sourceTree = "<group>";
		};
		576AA9B22F8E718900DBFC97 /* Products */ = {
			isa = PBXGroup;
			children = (
				576AA9B12F8E718900DBFC97 /* FoodForThought.app */,
			);
			name = Products;
			sourceTree = "<group>";
		};
		576AA9C22F8E720900DBFC97 /* FoodForThought */ = {
			isa = PBXGroup;
			children = (
				576AA9D22F8E72C100DBFC97 /* FoodForThoughtApp.swift */,
				576AA9C62F8E720B00DBFC97 /* Models */,
				576AA9C92F8E722400DBFC97 /* Services */,
				576AA9C72F8E721500DBFC97 /* ViewModels */,
				576AA9C82F8E722000DBFC97 /* Views */,
				576AA9BF2F8E720900DBFC97 /* Assets.xcassets */,
			);
			path = FoodForThought;
			sourceTree = "<group>";
		};
		576AA9C62F8E720B00DBFC97 /* Models */ = {
			isa = PBXGroup;
			children = (
				5742C9952F9053AD0094B881 /* JSONDocument.swift */,
				576AA9CA2F8E729B00DBFC97 /* FavoriteRecipe.swift */,
			);
			path = Models;
			sourceTree = "<group>";
		};
		576AA9C72F8E721500DBFC97 /* ViewModels */ = {
			isa = PBXGroup;
			children = (
				5742C9912F904BCF0094B881 /* FavoritesViewModel.swift */,
				576AA9CE2F8E72A600DBFC97 /* DiscoverViewModel.swift */,
			);
			path = ViewModels;
			sourceTree = "<group>";
		};
		576AA9C82F8E722000DBFC97 /* Views */ = {
			isa = PBXGroup;
			children = (
				576AA9D02F8E72AB00DBFC97 /* MainContentView.swift */,
				572E3A6C2F8E7AE2000272BC /* DiscoverView.swift */,
				5742C98F2F904B5C0094B881 /* FavoritesView.swift */,
				57F3702E2F997C9F00CF2FD1 /* RecipeDetailView.swift */,
				572E3A692F8E7A89000272BC /* Components */,
			);
			path = Views;
			sourceTree = "<group>";
		};
		576AA9C92F8E722400DBFC97 /* Services */ = {
			isa = PBXGroup;
			children = (
				576AA9CC2F8E72A200DBFC97 /* MealDBNetworkService.swift */,
			);
			path = Services;
			sourceTree = "<group>";
		};
/* End PBXGroup section */

/* Begin PBXNativeTarget section */
		576AA9B02F8E718900DBFC97 /* FoodForThought */ = {
			isa = PBXNativeTarget;
			buildConfigurationList = 576AA9BC2F8E718B00DBFC97 /* Build configuration list for PBXNativeTarget "FoodForThought" */;
			buildPhases = (
				576AA9AD2F8E718900DBFC97 /* Sources */,
				576AA9AE2F8E718900DBFC97 /* Frameworks */,
				576AA9AF2F8E718900DBFC97 /* Resources */,
			);
			buildRules = (
			);
			dependencies = (
			);
			name = FoodForThought;
			packageProductDependencies = (
			);
			productName = FoodForThought;
			productReference = 576AA9B12F8E718900DBFC97 /* FoodForThought.app */;
			productType = "com.apple.product-type.application";
		};
/* End PBXNativeTarget section */

/* Begin PBXProject section */
		576AA9A92F8E718900DBFC97 /* Project object */ = {
			isa = PBXProject;
			attributes = {
				BuildIndependentTargetsInParallel = 1;
				LastSwiftUpdateCheck = 2640;
				LastUpgradeCheck = 2640;
				TargetAttributes = {
					576AA9B02F8E718900DBFC97 = {
						CreatedOnToolsVersion = 26.4;
					};
				};
			};
			buildConfigurationList = 576AA9AC2F8E718900DBFC97 /* Build configuration list for PBXProject "FoodForThought" */;
			developmentRegion = en;
			hasScannedForEncodings = 0;
			knownRegions = (
				en,
				Base,
			);
			mainGroup = 576AA9A82F8E718900DBFC97;
			minimizedProjectReferenceProxies = 1;
			preferredProjectObjectVersion = 77;
			productRefGroup = 576AA9B22F8E718900DBFC97 /* Products */;
			projectDirPath = "";
			projectRoot = "";
			targets = (
				576AA9B02F8E718900DBFC97 /* FoodForThought */,
			);
		};
/* End PBXProject section */

/* Begin PBXResourcesBuildPhase section */
		576AA9AF2F8E718900DBFC97 /* Resources */ = {
			isa = PBXResourcesBuildPhase;
			buildActionMask = 2147483647;
			files = (
				576AA9C52F8E720900DBFC97 /* Assets.xcassets in Resources */,
			);
			runOnlyForDeploymentPostprocessing = 0;
		};
/* End PBXResourcesBuildPhase section */

/* Begin PBXSourcesBuildPhase section */
		576AA9AD2F8E718900DBFC97 /* Sources */ = {
			isa = PBXSourcesBuildPhase;
			buildActionMask = 2147483647;
			files = (
				5742C9902F904B610094B881 /* FavoritesView.swift in Sources */,
				576AA9CD2F8E72A200DBFC97 /* MealDBNetworkService.swift in Sources */,
				576AA9CF2F8E72A600DBFC97 /* DiscoverViewModel.swift in Sources */,
				5742C9922F904BD50094B881 /* FavoritesViewModel.swift in Sources */,
				572E3A6B2F8E7A96000272BC /* RecipeCardView.swift in Sources */,
				576AA9D32F8E72C100DBFC97 /* FoodForThoughtApp.swift in Sources */,
				5742C9962F9053AD0094B881 /* JSONDocument.swift in Sources */,
				57F3702F2F997C9F00CF2FD1 /* RecipeDetailView.swift in Sources */,
				572E3A6D2F8E7AE2000272BC /* DiscoverView.swift in Sources */,
				576AA9CB2F8E729B00DBFC97 /* FavoriteRecipe.swift in Sources */,
				576AA9D12F8E72AB00DBFC97 /* MainContentView.swift in Sources */,
			);
			runOnlyForDeploymentPostprocessing = 0;
		};
/* End PBXSourcesBuildPhase section */

/* Begin XCBuildConfiguration section */
		576AA9BA2F8E718B00DBFC97 /* Debug */ = {
			isa = XCBuildConfiguration;
			buildSettings = {
				ALWAYS_SEARCH_USER_PATHS = NO;
				ASSETCATALOG_COMPILER_GENERATE_SWIFT_ASSET_SYMBOL_EXTENSIONS = YES;
				CLANG_ANALYZER_NONNULL = YES;
				CLANG_ANALYZER_NUMBER_OBJECT_CONVERSION = YES_AGGRESSIVE;
				CLANG_CXX_LANGUAGE_STANDARD = "gnu++20";
				CLANG_ENABLE_MODULES = YES;
				CLANG_ENABLE_OBJC_ARC = YES;
				CLANG_ENABLE_OBJC_WEAK = YES;
				CLANG_WARN_BLOCK_CAPTURE_AUTORELEASING = YES;
				CLANG_WARN_BOOL_CONVERSION = YES;
				CLANG_WARN_COMMA = YES;
				CLANG_WARN_CONSTANT_CONVERSION = YES;
				CLANG_WARN_DEPRECATED_OBJC_IMPLEMENTATIONS = YES;
				CLANG_WARN_DIRECT_OBJC_ISA_USAGE = YES_ERROR;
				CLANG_WARN_DOCUMENTATION_COMMENTS = YES;
				CLANG_WARN_EMPTY_BODY = YES;
				CLANG_WARN_ENUM_CONVERSION = YES;
				CLANG_WARN_INFINITE_RECURSION = YES;
				CLANG_WARN_INT_CONVERSION = YES;
				CLANG_WARN_NON_LITERAL_NULL_CONVERSION = YES;
				CLANG_WARN_OBJC_IMPLICIT_RETAIN_SELF = YES;
				CLANG_WARN_OBJC_LITERAL_CONVERSION = YES;
				CLANG_WARN_OBJC_ROOT_CLASS = YES_ERROR;
				CLANG_WARN_QUOTED_INCLUDE_IN_FRAMEWORK_HEADER = YES;
				CLANG_WARN_RANGE_LOOP_ANALYSIS = YES;
				CLANG_WARN_STRICT_PROTOTYPES = YES;
				CLANG_WARN_SUSPICIOUS_MOVE = YES;
				CLANG_WARN_UNGUARDED_AVAILABILITY = YES_AGGRESSIVE;
				CLANG_WARN_UNREACHABLE_CODE = YES;
				CLANG_WARN__DUPLICATE_METHOD_MATCH = YES;
				COPY_PHASE_STRIP = NO;
				DEBUG_INFORMATION_FORMAT = dwarf;
				DEVELOPMENT_TEAM = 97ZWL58HD9;
				ENABLE_STRICT_OBJC_MSGSEND = YES;
				ENABLE_TESTABILITY = YES;
				ENABLE_USER_SCRIPT_SANDBOXING = YES;
				GCC_C_LANGUAGE_STANDARD = gnu17;
				GCC_DYNAMIC_NO_PIC = NO;
				GCC_NO_COMMON_BLOCKS = YES;
				GCC_OPTIMIZATION_LEVEL = 0;
				GCC_PREPROCESSOR_DEFINITIONS = (
					"DEBUG=1",
					"$(inherited)",
				);
				GCC_WARN_64_TO_32_BIT_CONVERSION = YES;
				GCC_WARN_ABOUT_RETURN_TYPE = YES_ERROR;
				GCC_WARN_UNDECLARED_SELECTOR = YES;
				GCC_WARN_UNINITIALIZED_AUTOS = YES_AGGRESSIVE;
				GCC_WARN_UNUSED_FUNCTION = YES;
				GCC_WARN_UNUSED_VARIABLE = YES;
				LOCALIZATION_PREFERS_STRING_CATALOGS = YES;
				MACOSX_DEPLOYMENT_TARGET = 26.4;
				MTL_ENABLE_DEBUG_INFO = INCLUDE_SOURCE;
				MTL_FAST_MATH = YES;
				ONLY_ACTIVE_ARCH = YES;
				SDKROOT = macosx;
				SWIFT_ACTIVE_COMPILATION_CONDITIONS = "DEBUG $(inherited)";
				SWIFT_OPTIMIZATION_LEVEL = "-Onone";
			};
			name = Debug;
		};
		576AA9BB2F8E718B00DBFC97 /* Release */ = {
			isa = XCBuildConfiguration;
			buildSettings = {
				ALWAYS_SEARCH_USER_PATHS = NO;
				ASSETCATALOG_COMPILER_GENERATE_SWIFT_ASSET_SYMBOL_EXTENSIONS = YES;
				CLANG_ANALYZER_NONNULL = YES;
				CLANG_ANALYZER_NUMBER_OBJECT_CONVERSION = YES_AGGRESSIVE;
				CLANG_CXX_LANGUAGE_STANDARD = "gnu++20";
				CLANG_ENABLE_MODULES = YES;
				CLANG_ENABLE_OBJC_ARC = YES;
				CLANG_ENABLE_OBJC_WEAK = YES;
				CLANG_WARN_BLOCK_CAPTURE_AUTORELEASING = YES;
				CLANG_WARN_BOOL_CONVERSION = YES;
				CLANG_WARN_COMMA = YES;
				CLANG_WARN_CONSTANT_CONVERSION = YES;
				CLANG_WARN_DEPRECATED_OBJC_IMPLEMENTATIONS = YES;
				CLANG_WARN_DIRECT_OBJC_ISA_USAGE = YES_ERROR;
				CLANG_WARN_DOCUMENTATION_COMMENTS = YES;
				CLANG_WARN_EMPTY_BODY = YES;
				CLANG_WARN_ENUM_CONVERSION = YES;
				CLANG_WARN_INFINITE_RECURSION = YES;
				CLANG_WARN_INT_CONVERSION = YES;
				CLANG_WARN_NON_LITERAL_NULL_CONVERSION = YES;
				CLANG_WARN_OBJC_IMPLICIT_RETAIN_SELF = YES;
				CLANG_WARN_OBJC_LITERAL_CONVERSION = YES;
				CLANG_WARN_OBJC_ROOT_CLASS = YES_ERROR;
				CLANG_WARN_QUOTED_INCLUDE_IN_FRAMEWORK_HEADER = YES;
				CLANG_WARN_RANGE_LOOP_ANALYSIS = YES;
				CLANG_WARN_STRICT_PROTOTYPES = YES;
				CLANG_WARN_SUSPICIOUS_MOVE = YES;
				CLANG_WARN_UNGUARDED_AVAILABILITY = YES_AGGRESSIVE;
				CLANG_WARN_UNREACHABLE_CODE = YES;
				CLANG_WARN__DUPLICATE_METHOD_MATCH = YES;
				COPY_PHASE_STRIP = NO;
				DEBUG_INFORMATION_FORMAT = "dwarf-with-dsym";
				DEVELOPMENT_TEAM = 97ZWL58HD9;
				ENABLE_NS_ASSERTIONS = NO;
				ENABLE_STRICT_OBJC_MSGSEND = YES;
				ENABLE_USER_SCRIPT_SANDBOXING = YES;
				GCC_C_LANGUAGE_STANDARD = gnu17;
				GCC_NO_COMMON_BLOCKS = YES;
				GCC_WARN_64_TO_32_BIT_CONVERSION = YES;
				GCC_WARN_ABOUT_RETURN_TYPE = YES_ERROR;
				GCC_WARN_UNDECLARED_SELECTOR = YES;
				GCC_WARN_UNINITIALIZED_AUTOS = YES_AGGRESSIVE;
				GCC_WARN_UNUSED_FUNCTION = YES;
				GCC_WARN_UNUSED_VARIABLE = YES;
				LOCALIZATION_PREFERS_STRING_CATALOGS = YES;
				MACOSX_DEPLOYMENT_TARGET = 26.4;
				MTL_ENABLE_DEBUG_INFO = NO;
				MTL_FAST_MATH = YES;
				SDKROOT = macosx;
				SWIFT_COMPILATION_MODE = wholemodule;
			};
			name = Release;
		};
		576AA9BD2F8E718B00DBFC97 /* Debug */ = {
			isa = XCBuildConfiguration;
			buildSettings = {
				ASSETCATALOG_COMPILER_APPICON_NAME = AppIcon;
				ASSETCATALOG_COMPILER_GLOBAL_ACCENT_COLOR_NAME = AccentColor;
				CODE_SIGN_STYLE = Automatic;
				COMBINE_HIDPI_IMAGES = YES;
				CURRENT_PROJECT_VERSION = 1;
				DEVELOPMENT_TEAM = 97ZWL58HD9;
				ENABLE_APP_SANDBOX = YES;
				ENABLE_HARDENED_RUNTIME = YES;
				ENABLE_INCOMING_NETWORK_CONNECTIONS = NO;
				ENABLE_OUTGOING_NETWORK_CONNECTIONS = YES;
				ENABLE_PREVIEWS = YES;
				ENABLE_RESOURCE_ACCESS_AUDIO_INPUT = NO;
				ENABLE_RESOURCE_ACCESS_BLUETOOTH = NO;
				ENABLE_RESOURCE_ACCESS_CALENDARS = NO;
				ENABLE_RESOURCE_ACCESS_CAMERA = NO;
				ENABLE_RESOURCE_ACCESS_CONTACTS = NO;
				ENABLE_RESOURCE_ACCESS_LOCATION = NO;
				ENABLE_RESOURCE_ACCESS_PRINTING = NO;
				ENABLE_RESOURCE_ACCESS_USB = NO;
				ENABLE_USER_SELECTED_FILES = readwrite;
				GENERATE_INFOPLIST_FILE = YES;
				INFOPLIST_KEY_NSHumanReadableCopyright = "";
				LD_RUNPATH_SEARCH_PATHS = (
					"$(inherited)",
					"@executable_path/../Frameworks",
				);
				MACOSX_DEPLOYMENT_TARGET = 26.0;
				MARKETING_VERSION = 1.0;
				PRODUCT_BUNDLE_IDENTIFIER = com.lukemacintosh.FoodForThought;
				PRODUCT_NAME = "$(TARGET_NAME)";
				REGISTER_APP_GROUPS = YES;
				STRING_CATALOG_GENERATE_SYMBOLS = YES;
				SWIFT_APPROACHABLE_CONCURRENCY = YES;
				SWIFT_DEFAULT_ACTOR_ISOLATION = MainActor;
				SWIFT_EMIT_LOC_STRINGS = YES;
				SWIFT_UPCOMING_FEATURE_MEMBER_IMPORT_VISIBILITY = YES;
				SWIFT_VERSION = 5.0;
			};
			name = Debug;
		};
		576AA9BE2F8E718B00DBFC97 /* Release */ = {
			isa = XCBuildConfiguration;
			buildSettings = {
				ASSETCATALOG_COMPILER_APPICON_NAME = AppIcon;
				ASSETCATALOG_COMPILER_GLOBAL_ACCENT_COLOR_NAME = AccentColor;
				CODE_SIGN_STYLE = Automatic;
				COMBINE_HIDPI_IMAGES = YES;
				CURRENT_PROJECT_VERSION = 1;
				DEVELOPMENT_TEAM = 97ZWL58HD9;
				ENABLE_APP_SANDBOX = YES;
				ENABLE_HARDENED_RUNTIME = YES;
				ENABLE_INCOMING_NETWORK_CONNECTIONS = NO;
				ENABLE_OUTGOING_NETWORK_CONNECTIONS = YES;
				ENABLE_PREVIEWS = YES;
				ENABLE_RESOURCE_ACCESS_AUDIO_INPUT = NO;
				ENABLE_RESOURCE_ACCESS_BLUETOOTH = NO;
				ENABLE_RESOURCE_ACCESS_CALENDARS = NO;
				ENABLE_RESOURCE_ACCESS_CAMERA = NO;
				ENABLE_RESOURCE_ACCESS_CONTACTS = NO;
				ENABLE_RESOURCE_ACCESS_LOCATION = NO;
				ENABLE_RESOURCE_ACCESS_PRINTING = NO;
				ENABLE_RESOURCE_ACCESS_USB = NO;
				ENABLE_USER_SELECTED_FILES = readwrite;
				GENERATE_INFOPLIST_FILE = YES;
				INFOPLIST_KEY_NSHumanReadableCopyright = "";
				LD_RUNPATH_SEARCH_PATHS = (
					"$(inherited)",
					"@executable_path/../Frameworks",
				);
				MACOSX_DEPLOYMENT_TARGET = 26.0;
				MARKETING_VERSION = 1.0;
				PRODUCT_BUNDLE_IDENTIFIER = com.lukemacintosh.FoodForThought;
				PRODUCT_NAME = "$(TARGET_NAME)";
				REGISTER_APP_GROUPS = YES;
				STRING_CATALOG_GENERATE_SYMBOLS = YES;
				SWIFT_APPROACHABLE_CONCURRENCY = YES;
				SWIFT_DEFAULT_ACTOR_ISOLATION = MainActor;
				SWIFT_EMIT_LOC_STRINGS = YES;
				SWIFT_UPCOMING_FEATURE_MEMBER_IMPORT_VISIBILITY = YES;
				SWIFT_VERSION = 5.0;
			};
			name = Release;
		};
/* End XCBuildConfiguration section */

/* Begin XCConfigurationList section */
		576AA9AC2F8E718900DBFC97 /* Build configuration list for PBXProject "FoodForThought" */ = {
			isa = XCConfigurationList;
			buildConfigurations = (
				576AA9BA2F8E718B00DBFC97 /* Debug */,
				576AA9BB2F8E718B00DBFC97 /* Release */,
			);
			defaultConfigurationIsVisible = 0;
			defaultConfigurationName = Release;
		};
		576AA9BC2F8E718B00DBFC97 /* Build configuration list for PBXNativeTarget "FoodForThought" */ = {
			isa = XCConfigurationList;
			buildConfigurations = (
				576AA9BD2F8E718B00DBFC97 /* Debug */,
				576AA9BE2F8E718B00DBFC97 /* Release */,
			);
			defaultConfigurationIsVisible = 0;
			defaultConfigurationName = Release;
		};
/* End XCConfigurationList section */
	};
	rootObject = 576AA9A92F8E718900DBFC97 /* Project object */;
}
